
Microsoft Visual Studio Solution File, Format Version 12.00
# Visual Studio Version 17
VisualStudioVersion = 17.5.33627.172
MinimumVisualStudioVersion = 10.0.40219.1
Project("{9A19103F-16F7-4668-BE54-9A1E7A4F7556}") = "ClienteAPI - 01", "ClienteAPI - 01\ClienteAPI - 01.csproj", "{FCE8AB99-A849-4419-87BA-D10A1FE0DC5C}"
EndProject
Global
	GlobalSection(SolutionConfigurationPlatforms) = preSolution
		Debug|Any CPU = Debug|Any CPU
		Release|Any CPU = Release|Any CPU
	EndGlobalSection
	GlobalSection(ProjectConfigurationPlatforms) = postSolution
		{FCE8AB99-A849-4419-87BA-D10A1FE0DC5C}.Debug|Any CPU.ActiveCfg = Debug|Any CPU
		{FCE8AB99-A849-4419-87BA-D10A1FE0DC5C}.Debug|Any CPU.Build.0 = Debug|Any CPU
		{FCE8AB99-A849-4419-87BA-D10A1FE0DC5C}.Release|Any CPU.ActiveCfg = Release|Any CPU
		{FCE8AB99-A849-4419-87BA-D10A1FE0DC5C}.Release|Any CPU.Build.0 = Release|Any CPU
	EndGlobalSection
	GlobalSection(SolutionProperties) = preSolution
		HideSolutionNode = FALSE
	EndGlobalSection
	GlobalSection(ExtensibilityGlobals) = postSolution
		SolutionGuid = {A4403844-2B86-4EFC-930F-6B48BB50CF12}
	EndGlobalSection
EndGlobal
